
Microsoft Visual Studio Solution File, Format Version 12.00
# Visual Studio Version 17
VisualStudioVersion = 17.4.33205.214
MinimumVisualStudioVersion = 10.0.40219.1
Project("{FAE04EC0-301F-11D3-BF4B-00C04F79EFBC}") = "ScreenShot", "ScreenShot.csproj", "{D62DF9EE-2A71-4EC8-BA4B-0C8647070BA4}"
EndProject
Global
	GlobalSection(SolutionConfigurationPlatforms) = preSolution
		Debug|Any CPU = Debug|Any CPU
		Release|Any CPU = Release|Any CPU
	EndGlobalSection
	GlobalSection(ProjectConfigurationPlatforms) = postSolution
		{D62DF9EE-2A71-4EC8-BA4B-0C8647070BA4}.Debug|Any CPU.ActiveCfg = Debug|Any CPU
		{D62DF9EE-2A71-4EC8-BA4B-0C8647070BA4}.Debug|Any CPU.Build.0 = Debug|Any CPU
		{D62DF9EE-2A71-4EC8-BA4B-0C8647070BA4}.Release|Any CPU.ActiveCfg = Release|Any CPU
		{D62DF9EE-2A71-4EC8-BA4B-0C8647070BA4}.Release|Any CPU.Build.0 = Release|Any CPU
	EndGlobalSection
	GlobalSection(SolutionProperties) = preSolution
		HideSolutionNode = FALSE
	EndGlobalSection
	GlobalSection(ExtensibilityGlobals) = postSolution
		SolutionGuid = {35AD84BC-5B46-4A87-9D98-F7DAAD88BC20}
	EndGlobalSection
EndGlobal
